
Microsoft Visual Studio Solution File, Format Version 12.00
# Visual Studio Version 17
VisualStudioVersion = 17.8.34309.116
MinimumVisualStudioVersion = 10.0.40219.1
Project("{FAE04EC0-301F-11D3-BF4B-00C04F79EFBC}") = "ClassLibraryC#", "ClassLibraryC#\ClassLibraryC#.csproj", "{B59E57B1-659E-48B2-A476-36F64F6E2A60}"
EndProject
Global
	GlobalSection(SolutionConfigurationPlatforms) = preSolution
		Debug|Any CPU = Debug|Any CPU
		Release|Any CPU = Release|Any CPU
	EndGlobalSection
	GlobalSection(ProjectConfigurationPlatforms) = postSolution
		{B59E57B1-659E-48B2-A476-36F64F6E2A60}.Debug|Any CPU.ActiveCfg = Debug|Any CPU
		{B59E57B1-659E-48B2-A476-36F64F6E2A60}.Debug|Any CPU.Build.0 = Debug|Any CPU
		{B59E57B1-659E-48B2-A476-36F64F6E2A60}.Release|Any CPU.ActiveCfg = Release|Any CPU
		{B59E57B1-659E-48B2-A476-36F64F6E2A60}.Release|Any CPU.Build.0 = Release|Any CPU
	EndGlobalSection
	GlobalSection(SolutionProperties) = preSolution
		HideSolutionNode = FALSE
	EndGlobalSection
	GlobalSection(ExtensibilityGlobals) = postSolution
		SolutionGuid = {A2752E45-AE15-4F20-A53B-92960A0798BB}
	EndGlobalSection
EndGlobal
